
Microsoft Visual Studio Solution File, Format Version 12.00
# Visual Studio 15
Project("{FAE04EC0-301F-11D3-BF4B-00C04F79EFBC}") = "Assembly-CSharp", "Assembly-CSharp.csproj", "{6C6AC59C-91ED-5618-C88E-E152A853173F}"
EndProject
Project("{FAE04EC0-301F-11D3-BF4B-00C04F79EFBC}") = "Assembly-CSharp-Editor", "Assembly-CSharp-Editor.csproj", "{1B12D293-36A3-FF88-74AD-102C91F7A4B8}"
EndProject
Global
	GlobalSection(SolutionConfigurationPlatforms) = preSolution
		Debug|Any CPU = Debug|Any CPU
		Release|Any CPU = Release|Any CPU
	EndGlobalSection
	GlobalSection(ProjectConfigurationPlatforms) = postSolution
		{6C6AC59C-91ED-5618-C88E-E152A853173F}.Debug|Any CPU.ActiveCfg = Debug|Any CPU
		{6C6AC59C-91ED-5618-C88E-E152A853173F}.Debug|Any CPU.Build.0 = Debug|Any CPU
		{6C6AC59C-91ED-5618-C88E-E152A853173F}.Release|Any CPU.ActiveCfg = Release|Any CPU
		{6C6AC59C-91ED-5618-C88E-E152A853173F}.Release|Any CPU.Build.0 = Release|Any CPU
		{1B12D293-36A3-FF88-74AD-102C91F7A4B8}.Debug|Any CPU.ActiveCfg = Debug|Any CPU
		{1B12D293-36A3-FF88-74AD-102C91F7A4B8}.Debug|Any CPU.Build.0 = Debug|Any CPU
		{1B12D293-36A3-FF88-74AD-102C91F7A4B8}.Release|Any CPU.ActiveCfg = Release|Any CPU
		{1B12D293-36A3-FF88-74AD-102C91F7A4B8}.Release|Any CPU.Build.0 = Release|Any CPU
	EndGlobalSection
	GlobalSection(SolutionProperties) = preSolution
		HideSolutionNode = FALSE
	EndGlobalSection
EndGlobal
